
Microsoft Visual Studio Solution File, Format Version 12.00
# Visual Studio Version 17
VisualStudioVersion = 17.4.33122.133
MinimumVisualStudioVersion = 10.0.40219.1
Project("{9A19103F-16F7-4668-BE54-9A1E7A4F7556}") = "DictionaryApi", "DictionaryApi\DictionaryApi.csproj", "{0AFCC6BD-F129-4569-99AB-90F00084644B}"
EndProject
Project("{9A19103F-16F7-4668-BE54-9A1E7A4F7556}") = "DictionaryDataAccess", "DictionaryDataAccess\DictionaryDataAccess.csproj", "{2CC2311A-52EA-4B0F-917B-6300BC462B0B}"
EndProject
Project("{9A19103F-16F7-4668-BE54-9A1E7A4F7556}") = "DataLoader", "DataLoader\DataLoader.csproj", "{06F4A698-2357-4D3D-97CC-BE9C5669E2A5}"
EndProject
Project("{FAE04EC0-301F-11D3-BF4B-00C04F79EFBC}") = "DictionaryBusinessLogic", "DictionaryBusinessLogic\DictionaryBusinessLogic.csproj", "{D405DE22-6B73-4E27-89CC-3FB24AF746FC}"
EndProject
Project("{FAE04EC0-301F-11D3-BF4B-00C04F79EFBC}") = "DictionaryBusinessLogicTests", "DictionaryBusinessLogicTests\DictionaryBusinessLogicTests.csproj", "{6AE30AB2-84ED-49D8-B65C-605BCBC00AFD}"
EndProject
Global
	GlobalSection(SolutionConfigurationPlatforms) = preSolution
		Debug|Any CPU = Debug|Any CPU
		Release|Any CPU = Release|Any CPU
	EndGlobalSection
	GlobalSection(ProjectConfigurationPlatforms) = postSolution
		{0AFCC6BD-F129-4569-99AB-90F00084644B}.Debug|Any CPU.ActiveCfg = Debug|Any CPU
		{0AFCC6BD-F129-4569-99AB-90F00084644B}.Debug|Any CPU.Build.0 = Debug|Any CPU
		{0AFCC6BD-F129-4569-99AB-90F00084644B}.Release|Any CPU.ActiveCfg = Release|Any CPU
		{0AFCC6BD-F129-4569-99AB-90F00084644B}.Release|Any CPU.Build.0 = Release|Any CPU
		{2CC2311A-52EA-4B0F-917B-6300BC462B0B}.Debug|Any CPU.ActiveCfg = Debug|Any CPU
		{2CC2311A-52EA-4B0F-917B-6300BC462B0B}.Debug|Any CPU.Build.0 = Debug|Any CPU
		{2CC2311A-52EA-4B0F-917B-6300BC462B0B}.Release|Any CPU.ActiveCfg = Release|Any CPU
		{2CC2311A-52EA-4B0F-917B-6300BC462B0B}.Release|Any CPU.Build.0 = Release|Any CPU
		{06F4A698-2357-4D3D-97CC-BE9C5669E2A5}.Debug|Any CPU.ActiveCfg = Debug|Any CPU
		{06F4A698-2357-4D3D-97CC-BE9C5669E2A5}.Debug|Any CPU.Build.0 = Debug|Any CPU
		{06F4A698-2357-4D3D-97CC-BE9C5669E2A5}.Release|Any CPU.ActiveCfg = Release|Any CPU
		{06F4A698-2357-4D3D-97CC-BE9C5669E2A5}.Release|Any CPU.Build.0 = Release|Any CPU
		{D405DE22-6B73-4E27-89CC-3FB24AF746FC}.Debug|Any CPU.ActiveCfg = Debug|Any CPU
		{D405DE22-6B73-4E27-89CC-3FB24AF746FC}.Debug|Any CPU.Build.0 = Debug|Any CPU
		{D405DE22-6B73-4E27-89CC-3FB24AF746FC}.Release|Any CPU.ActiveCfg = Release|Any CPU
		{D405DE22-6B73-4E27-89CC-3FB24AF746FC}.Release|Any CPU.Build.0 = Release|Any CPU
		{6AE30AB2-84ED-49D8-B65C-605BCBC00AFD}.Debug|Any CPU.ActiveCfg = Debug|Any CPU
		{6AE30AB2-84ED-49D8-B65C-605BCBC00AFD}.Debug|Any CPU.Build.0 = Debug|Any CPU
		{6AE30AB2-84ED-49D8-B65C-605BCBC00AFD}.Release|Any CPU.ActiveCfg = Release|Any CPU
		{6AE30AB2-84ED-49D8-B65C-605BCBC00AFD}.Release|Any CPU.Build.0 = Release|Any CPU
	EndGlobalSection
	GlobalSection(SolutionProperties) = preSolution
		HideSolutionNode = FALSE
	EndGlobalSection
	GlobalSection(ExtensibilityGlobals) = postSolution
		SolutionGuid = {B0189172-A685-4AA0-86F9-9969932F79BF}
	EndGlobalSection
EndGlobal
